
Microsoft Visual Studio Solution File, Format Version 12.00
# Visual Studio Version 17
VisualStudioVersion = 17.7.33927.210
MinimumVisualStudioVersion = 10.0.40219.1
Project("{9A19103F-16F7-4668-BE54-9A1E7A4F7556}") = "BulkyBookWeb", "BulkyWeb\BulkyBookWeb.csproj", "{CED39019-A266-4ADB-A32B-996AFE817BAC}"
EndProject
Project("{9A19103F-16F7-4668-BE54-9A1E7A4F7556}") = "BulkyBook.DataAccess", "Bulky.DataAccess\BulkyBook.DataAccess.csproj", "{B5A164B3-3E79-4A63-A79A-BCD10B1B77DE}"
EndProject
Project("{9A19103F-16F7-4668-BE54-9A1E7A4F7556}") = "BulkyBook.Models", "Bulky.Models\BulkyBook.Models.csproj", "{B5AC82D5-B3FD-4C89-BA5F-3479BCCB8DCB}"
EndProject
Project("{9A19103F-16F7-4668-BE54-9A1E7A4F7556}") = "BulkyBook.Utility", "Bulky.Utility\BulkyBook.Utility.csproj", "{DC3F0262-19A7-49B4-8592-06DE8791B78F}"
EndProject
Global
	GlobalSection(SolutionConfigurationPlatforms) = preSolution
		Debug|Any CPU = Debug|Any CPU
		Release|Any CPU = Release|Any CPU
	EndGlobalSection
	GlobalSection(ProjectConfigurationPlatforms) = postSolution
		{CED39019-A266-4ADB-A32B-996AFE817BAC}.Debug|Any CPU.ActiveCfg = Debug|Any CPU
		{CED39019-A266-4ADB-A32B-996AFE817BAC}.Debug|Any CPU.Build.0 = Debug|Any CPU
		{CED39019-A266-4ADB-A32B-996AFE817BAC}.Release|Any CPU.ActiveCfg = Release|Any CPU
		{CED39019-A266-4ADB-A32B-996AFE817BAC}.Release|Any CPU.Build.0 = Release|Any CPU
		{B5A164B3-3E79-4A63-A79A-BCD10B1B77DE}.Debug|Any CPU.ActiveCfg = Debug|Any CPU
		{B5A164B3-3E79-4A63-A79A-BCD10B1B77DE}.Debug|Any CPU.Build.0 = Debug|Any CPU
		{B5A164B3-3E79-4A63-A79A-BCD10B1B77DE}.Release|Any CPU.ActiveCfg = Release|Any CPU
		{B5A164B3-3E79-4A63-A79A-BCD10B1B77DE}.Release|Any CPU.Build.0 = Release|Any CPU
		{B5AC82D5-B3FD-4C89-BA5F-3479BCCB8DCB}.Debug|Any CPU.ActiveCfg = Debug|Any CPU
		{B5AC82D5-B3FD-4C89-BA5F-3479BCCB8DCB}.Debug|Any CPU.Build.0 = Debug|Any CPU
		{B5AC82D5-B3FD-4C89-BA5F-3479BCCB8DCB}.Release|Any CPU.ActiveCfg = Release|Any CPU
		{B5AC82D5-B3FD-4C89-BA5F-3479BCCB8DCB}.Release|Any CPU.Build.0 = Release|Any CPU
		{DC3F0262-19A7-49B4-8592-06DE8791B78F}.Debug|Any CPU.ActiveCfg = Debug|Any CPU
		{DC3F0262-19A7-49B4-8592-06DE8791B78F}.Debug|Any CPU.Build.0 = Debug|Any CPU
		{DC3F0262-19A7-49B4-8592-06DE8791B78F}.Release|Any CPU.ActiveCfg = Release|Any CPU
		{DC3F0262-19A7-49B4-8592-06DE8791B78F}.Release|Any CPU.Build.0 = Release|Any CPU
	EndGlobalSection
	GlobalSection(SolutionProperties) = preSolution
		HideSolutionNode = FALSE
	EndGlobalSection
	GlobalSection(ExtensibilityGlobals) = postSolution
		SolutionGuid = {72D909C0-1B20-4C77-BD1A-22EC259D8119}
	EndGlobalSection
EndGlobal
